// !$*UTF8*$!
{
	archiveVersion = 1;
	classes = {
	};
	objectVersion = 46;
	objects = {

/* Begin PBXBuildFile section */
		BF506E091E06DB410090FEAB /* SettingsVC.swift in Sources */ = {isa = PBXBuildFile; fileRef = BF506E081E06DB410090FEAB /* SettingsVC.swift */; };
		BFB66C171D8D2F4500411430 /* AppDelegate.swift in Sources */ = {isa = PBXBuildFile; fileRef = BFB66C161D8D2F4500411430 /* AppDelegate.swift */; };
		BFB66C191D8D2F4500411430 /* ViewController.swift in Sources */ = {isa = PBXBuildFile; fileRef = BFB66C181D8D2F4500411430 /* ViewController.swift */; };
		BFB66C1C1D8D2F4500411430 /* Main.storyboard in Resources */ = {isa = PBXBuildFile; fileRef = BFB66C1A1D8D2F4500411430 /* Main.storyboard */; };
		BFB66C1E1D8D2F4500411430 /* Assets.xcassets in Resources */ = {isa = PBXBuildFile; fileRef = BFB66C1D1D8D2F4500411430 /* Assets.xcassets */; };
		BFB66C211D8D2F4500411430 /* LaunchScreen.storyboard in Resources */ = {isa = PBXBuildFile; fileRef = BFB66C1F1D8D2F4500411430 /* LaunchScreen.storyboard */; };
/* End PBXBuildFile section */

/* Begin PBXFileReference section */
		BF506E081E06DB410090FEAB /* SettingsVC.swift */ = {isa = PBXFileReference; fileEncoding = 4; lastKnownFileType = sourcecode.swift; path = SettingsVC.swift; sourceTree = "<group>"; };
		BFB66C131D8D2F4500411430 /* Drawing App.app */ = {isa = PBXFileReference; explicitFileType = wrapper.application; includeInIndex = 0; path = "Drawing App.app"; sourceTree = BUILT_PRODUCTS_DIR; };
		BFB66C161D8D2F4500411430 /* AppDelegate.swift */ = {isa = PBXFileReference; lastKnownFileType = sourcecode.swift; path = AppDelegate.swift; sourceTree = "<group>"; };
		BFB66C181D8D2F4500411430 /* ViewController.swift */ = {isa = PBXFileReference; lastKnownFileType = sourcecode.swift; path = ViewController.swift; sourceTree = "<group>"; };
		BFB66C1B1D8D2F4500411430 /* Base */ = {isa = PBXFileReference; lastKnownFileType = file.storyboard; name = Base; path = Base.lproj/Main.storyboard; sourceTree = "<group>"; };
		BFB66C1D1D8D2F4500411430 /* Assets.xcassets */ = {isa = PBXFileReference; lastKnownFileType = folder.assetcatalog; path = Assets.xcassets; sourceTree = "<group>"; };
		BFB66C201D8D2F4500411430 /* Base */ = {isa = PBXFileReference; lastKnownFileType = file.storyboard; name = Base; path = Base.lproj/LaunchScreen.storyboard; sourceTree = "<group>"; };
		BFB66C221D8D2F4500411430 /* Info.plist */ = {isa = PBXFileReference; lastKnownFileType = text.plist.xml; path = Info.plist; sourceTree = "<group>"; };
/* End PBXFileReference section */

/* Begin PBXFrameworksBuildPhase section */
		BFB66C101D8D2F4500411430 /* Frameworks */ = {
			isa = PBXFrameworksBuildPhase;
			buildActionMask = 2147483647;
			files = (
			);
			runOnlyForDeploymentPostprocessing = 0;
		};
/* End PBXFrameworksBuildPhase section */

/* Begin PBXGroup section */
		BFB66C0A1D8D2F4500411430 = {
			isa = PBXGroup;
			children = (
				BFB66C151D8D2F4500411430 /* Drawing App */,
				BFB66C141D8D2F4500411430 /* Products */,
			);
			sourceTree = "<group>";
		};
		BFB66C141D8D2F4500411430 /* Products */ = {
			isa = PBXGroup;
			children = (
				BFB66C131D8D2F4500411430 /* Drawing App.app */,
			);
			name = Products;
			sourceTree = "<group>";
		};
		BFB66C151D8D2F4500411430 /* Drawing App */ = {
			isa = PBXGroup;
			children = (
				BFB66C161D8D2F4500411430 /* AppDelegate.swift */,
				BFB66C181D8D2F4500411430 /* ViewController.swift */,
				BFB66C1A1D8D2F4500411430 /* Main.storyboard */,
				BFB66C1D1D8D2F4500411430 /* Assets.xcassets */,
				BFB66C1F1D8D2F4500411430 /* LaunchScreen.storyboard */,
				BFB66C221D8D2F4500411430 /* Info.plist */,
				BF506E081E06DB410090FEAB /* SettingsVC.swift */,
			);
			path = "Drawing App";
			sourceTree = "<group>";
		};
/* End PBXGroup section */

/* Begin PBXNativeTarget section */
		BFB66C121D8D2F4500411430 /* Drawing App */ = {
			isa = PBXNativeTarget;
			buildConfigurationList = BFB66C251D8D2F4500411430 /* Build configuration list for PBXNativeTarget "Drawing App" */;
			buildPhases = (
				BFB66C0F1D8D2F4500411430 /* Sources */,
				BFB66C101D8D2F4500411430 /* Frameworks */,
				BFB66C111D8D2F4500411430 /* Resources */,
			);
			buildRules = (
			);
			dependencies = (
			);
			name = "Drawing App";
			productName = "Drawing App";
			productReference = BFB66C131D8D2F4500411430 /* Drawing App.app */;
			productType = "com.apple.product-type.application";
		};
/* End PBXNativeTarget section */

/* Begin PBXProject section */
		BFB66C0B1D8D2F4500411430 /* Project object */ = {
			isa = PBXProject;
			attributes = {
				LastSwiftUpdateCheck = 0800;
				LastUpgradeCheck = 0800;
				ORGANIZATIONNAME = examplecompany;
				TargetAttributes = {
					BFB66C121D8D2F4500411430 = {
						CreatedOnToolsVersion = 8.0;
						DevelopmentTeam = W5XRDF4YTY;
						ProvisioningStyle = Automatic;
					};
				};
			};
			buildConfigurationList = BFB66C0E1D8D2F4500411430 /* Build configuration list for PBXProject "Drawing App" */;
			compatibilityVersion = "Xcode 3.2";
			developmentRegion = English;
			hasScannedForEncodings = 0;
			knownRegions = (
				en,
				Base,
			);
			mainGroup = BFB66C0A1D8D2F4500411430;
			productRefGroup = BFB66C141D8D2F4500411430 /* Products */;
			projectDirPath = "";
			projectRoot = "";
			targets = (
				BFB66C121D8D2F4500411430 /* Drawing App */,
			);
		};
/* End PBXProject section */

/* Begin PBXResourcesBuildPhase section */
		BFB66C111D8D2F4500411430 /* Resources */ = {
			isa = PBXResourcesBuildPhase;
			buildActionMask = 2147483647;
			files = (
				BFB66C211D8D2F4500411430 /* LaunchScreen.storyboard in Resources */,
				BFB66C1E1D8D2F4500411430 /* Assets.xcassets in Resources */,
				BFB66C1C1D8D2F4500411430 /* Main.storyboard in Resources */,
			);
			runOnlyForDeploymentPostprocessing = 0;
		};
/* End PBXResourcesBuildPhase section */

/* Begin PBXSourcesBuildPhase section */
		BFB66C0F1D8D2F4500411430 /* Sources */ = {
			isa = PBXSourcesBuildPhase;
			buildActionMask = 2147483647;
			files = (
				BFB66C191D8D2F4500411430 /* ViewController.swift in Sources */,
				BFB66C171D8D2F4500411430 /* AppDelegate.swift in Sources */,
				BF506E091E06DB410090FEAB /* SettingsVC.swift in Sources */,
			);
			runOnlyForDeploymentPostprocessing = 0;
		};
/* End PBXSourcesBuildPhase section */

/* Begin PBXVariantGroup section */
		BFB66C1A1D8D2F4500411430 /* Main.storyboard */ = {
			isa = PBXVariantGroup;
			children = (
				BFB66C1B1D8D2F4500411430 /* Base */,
			);
			name = Main.storyboard;
			sourceTree = "<group>";
		};
		BFB66C1F1D8D2F4500411430 /* LaunchScreen.storyboard */ = {
			isa = PBXVariantGroup;
			children = (
				BFB66C201D8D2F4500411430 /* Base */,
			);
			name = LaunchScreen.storyboard;
			sourceTree = "<group>";
		};
/* End PBXVariantGroup section */

/* Begin XCBuildConfiguration section */
		BFB66C231D8D2F4500411430 /* Debug */ = {
			isa = XCBuildConfiguration;
			buildSettings = {
				ALWAYS_SEARCH_USER_PATHS = NO;
				CLANG_ANALYZER_NONNULL = YES;
				CLANG_CXX_LANGUAGE_STANDARD = "gnu++0x";
				CLANG_CXX_LIBRARY = "libc++";
				CLANG_ENABLE_MODULES = YES;
				CLANG_ENABLE_OBJC_ARC = YES;
				CLANG_WARN_BOOL_CONVERSION = YES;
				CLANG_WARN_CONSTANT_CONVERSION = YES;
				CLANG_WARN_DIRECT_OBJC_ISA_USAGE = YES_ERROR;
				CLANG_WARN_DOCUMENTATION_COMMENTS = YES;
				CLANG_WARN_EMPTY_BODY = YES;
				CLANG_WARN_ENUM_CONVERSION = YES;
				CLANG_WARN_INFINITE_RECURSION = YES;
				CLANG_WARN_INT_CONVERSION = YES;
				CLANG_WARN_OBJC_ROOT_CLASS = YES_ERROR;
				CLANG_WARN_SUSPICIOUS_MOVES = YES;
				CLANG_WARN_UNREACHABLE_CODE = YES;
				CLANG_WARN__DUPLICATE_METHOD_MATCH = YES;
				"CODE_SIGN_IDENTITY[sdk=iphoneos*]" = "iPhone Developer";
				COPY_PHASE_STRIP = NO;
				DEBUG_INFORMATION_FORMAT = dwarf;
				ENABLE_STRICT_OBJC_MSGSEND = YES;
				ENABLE_TESTABILITY = YES;
				GCC_C_LANGUAGE_STANDARD = gnu99;
				GCC_DYNAMIC_NO_PIC = NO;
				GCC_NO_COMMON_BLOCKS = YES;
				GCC_OPTIMIZATION_LEVEL = 0;
				GCC_PREPROCESSOR_DEFINITIONS = (
					"DEBUG=1",
					"$(inherited)",
				);
				GCC_WARN_64_TO_32_BIT_CONVERSION = YES;
				GCC_WARN_ABOUT_RETURN_TYPE = YES_ERROR;
				GCC_WARN_UNDECLARED_SELECTOR = YES;
				GCC_WARN_UNINITIALIZED_AUTOS = YES_AGGRESSIVE;
				GCC_WARN_UNUSED_FUNCTION = YES;
				GCC_WARN_UNUSED_VARIABLE = YES;
				IPHONEOS_DEPLOYMENT_TARGET = 10.0;
				MTL_ENABLE_DEBUG_INFO = YES;
				ONLY_ACTIVE_ARCH = YES;
				SDKROOT = iphoneos;
				SWIFT_ACTIVE_COMPILATION_CONDITIONS = DEBUG;
				SWIFT_OPTIMIZATION_LEVEL = "-Onone";
			};
			name = Debug;
		};
		BFB66C241D8D2F4500411430 /* Release */ = {
			isa = XCBuildConfiguration;
			buildSettings = {
				ALWAYS_SEARCH_USER_PATHS = NO;
				CLANG_ANALYZER_NONNULL = YES;
				CLANG_CXX_LANGUAGE_STANDARD = "gnu++0x";
				CLANG_CXX_LIBRARY = "libc++";
				CLANG_ENABLE_MODULES = YES;
				CLANG_ENABLE_OBJC_ARC = YES;
				CLANG_WARN_BOOL_CONVERSION = YES;
				CLANG_WARN_CONSTANT_CONVERSION = YES;
				CLANG_WARN_DIRECT_OBJC_ISA_USAGE = YES_ERROR;
				CLANG_WARN_DOCUMENTATION_COMMENTS = YES;
				CLANG_WARN_EMPTY_BODY = YES;
				CLANG_WARN_ENUM_CONVERSION = YES;
				CLANG_WARN_INFINITE_RECURSION = YES;
				CLANG_WARN_INT_CONVERSION = YES;
				CLANG_WARN_OBJC_ROOT_CLASS = YES_ERROR;
				CLANG_WARN_SUSPICIOUS_MOVES = YES;
				CLANG_WARN_UNREACHABLE_CODE = YES;
				CLANG_WARN__DUPLICATE_METHOD_MATCH = YES;
				"CODE_SIGN_IDENTITY[sdk=iphoneos*]" = "iPhone Developer";
				COPY_PHASE_STRIP = NO;
				DEBUG_INFORMATION_FORMAT = "dwarf-with-dsym";
				ENABLE_NS_ASSERTIONS = NO;
				ENABLE_STRICT_OBJC_MSGSEND = YES;
				GCC_C_LANGUAGE_STANDARD = gnu99;
				GCC_NO_COMMON_BLOCKS = YES;
				GCC_WARN_64_TO_32_BIT_CONVERSION = YES;
				GCC_WARN_ABOUT_RETURN_TYPE = YES_ERROR;
				GCC_WARN_UNDECLARED_SELECTOR = YES;
				GCC_WARN_UNINITIALIZED_AUTOS = YES_AGGRESSIVE;
				GCC_WARN_UNUSED_FUNCTION = YES;
				GCC_WARN_UNUSED_VARIABLE = YES;
				IPHONEOS_DEPLOYMENT_TARGET = 10.0;
				MTL_ENABLE_DEBUG_INFO = NO;
				SDKROOT = iphoneos;
				SWIFT_OPTIMIZATION_LEVEL = "-Owholemodule";
				VALIDATE_PRODUCT = YES;
			};
			name = Release;
		};
		BFB66C261D8D2F4500411430 /* Debug */ = {
			isa = XCBuildConfiguration;
			buildSettings = {
				ASSETCATALOG_COMPILER_APPICON_NAME = AppIcon;
				DEVELOPMENT_TEAM = W5XRDF4YTY;
				INFOPLIST_FILE = "Drawing App/Info.plist";
				LD_RUNPATH_SEARCH_PATHS = "$(inherited) @executable_path/Frameworks";
				PRODUCT_BUNDLE_IDENTIFIER = "com.examplecompany.Drawing-App";
				PRODUCT_NAME = "$(TARGET_NAME)";
				SWIFT_VERSION = 3.0;
			};
			name = Debug;
		};
		BFB66C271D8D2F4500411430 /* Release */ = {
			isa = XCBuildConfiguration;
			buildSettings = {
				ASSETCATALOG_COMPILER_APPICON_NAME = AppIcon;
				DEVELOPMENT_TEAM = W5XRDF4YTY;
				INFOPLIST_FILE = "Drawing App/Info.plist";
				LD_RUNPATH_SEARCH_PATHS = "$(inherited) @executable_path/Frameworks";
				PRODUCT_BUNDLE_IDENTIFIER = "com.examplecompany.Drawing-App";
				PRODUCT_NAME = "$(TARGET_NAME)";
				SWIFT_VERSION = 3.0;
			};
			name = Release;
		};
/* End XCBuildConfiguration section */

/* Begin XCConfigurationList section */
		BFB66C0E1D8D2F4500411430 /* Build configuration list for PBXProject "Drawing App" */ = {
			isa = XCConfigurationList;
			buildConfigurations = (
				BFB66C231D8D2F4500411430 /* Debug */,
				BFB66C241D8D2F4500411430 /* Release */,
			);
			defaultConfigurationIsVisible = 0;
			defaultConfigurationName = Release;
		};
		BFB66C251D8D2F4500411430 /* Build configuration list for PBXNativeTarget "Drawing App" */ = {
			isa = XCConfigurationList;
			buildConfigurations = (
				BFB66C261D8D2F4500411430 /* Debug */,
				BFB66C271D8D2F4500411430 /* Release */,
			);
			defaultConfigurationIsVisible = 0;
			defaultConfigurationName = Release;
		};
/* End XCConfigurationList section */
	};
	rootObject = BFB66C0B1D8D2F4500411430 /* Project object */;
}
